
Microsoft Visual Studio Solution File, Format Version 12.00
# Visual Studio Version 16
VisualStudioVersion = 16.0.36324.18
MinimumVisualStudioVersion = 10.0.40219.1
Project("{FAE04EC0-301F-11D3-BF4B-00C04F79EFBC}") = "SW_1", "SW_1\SW_1.csproj", "{A6463D01-7BDC-4A2E-94CF-E49DEB60168F}"
EndProject
Global
	GlobalSection(SolutionConfigurationPlatforms) = preSolution
		Debug|Any CPU = Debug|Any CPU
		Release|Any CPU = Release|Any CPU
	EndGlobalSection
	GlobalSection(ProjectConfigurationPlatforms) = postSolution
		{A6463D01-7BDC-4A2E-94CF-E49DEB60168F}.Debug|Any CPU.ActiveCfg = Debug|Any CPU
		{A6463D01-7BDC-4A2E-94CF-E49DEB60168F}.Debug|Any CPU.Build.0 = Debug|Any CPU
		{A6463D01-7BDC-4A2E-94CF-E49DEB60168F}.Release|Any CPU.ActiveCfg = Release|Any CPU
		{A6463D01-7BDC-4A2E-94CF-E49DEB60168F}.Release|Any CPU.Build.0 = Release|Any CPU
	EndGlobalSection
	GlobalSection(SolutionProperties) = preSolution
		HideSolutionNode = FALSE
	EndGlobalSection
	GlobalSection(ExtensibilityGlobals) = postSolution
		SolutionGuid = {3194862D-9E7E-45C2-8836-33A14F58C99E}
	EndGlobalSection
EndGlobal
