
Microsoft Visual Studio Solution File, Format Version 12.00
# Visual Studio Version 16
VisualStudioVersion = 16.0.36324.18
MinimumVisualStudioVersion = 10.0.40219.1
Project("{FAE04EC0-301F-11D3-BF4B-00C04F79EFBC}") = "SIMCARDREGISTRATION", "SIMCARDREGISTRATION\SIMCARDREGISTRATION.csproj", "{373E44CD-B992-4B1F-B9B9-CE6894F42769}"
EndProject
Global
	GlobalSection(SolutionConfigurationPlatforms) = preSolution
		Debug|Any CPU = Debug|Any CPU
		Release|Any CPU = Release|Any CPU
	EndGlobalSection
	GlobalSection(ProjectConfigurationPlatforms) = postSolution
		{373E44CD-B992-4B1F-B9B9-CE6894F42769}.Debug|Any CPU.ActiveCfg = Debug|Any CPU
		{373E44CD-B992-4B1F-B9B9-CE6894F42769}.Debug|Any CPU.Build.0 = Debug|Any CPU
		{373E44CD-B992-4B1F-B9B9-CE6894F42769}.Release|Any CPU.ActiveCfg = Release|Any CPU
		{373E44CD-B992-4B1F-B9B9-CE6894F42769}.Release|Any CPU.Build.0 = Release|Any CPU
	EndGlobalSection
	GlobalSection(SolutionProperties) = preSolution
		HideSolutionNode = FALSE
	EndGlobalSection
	GlobalSection(ExtensibilityGlobals) = postSolution
		SolutionGuid = {8053D080-8C8B-4445-B8CA-9B2AC1884420}
	EndGlobalSection
EndGlobal
